
Microsoft Visual Studio Solution File, Format Version 12.00
# Visual Studio Version 16
VisualStudioVersion = 16.0.29709.97
MinimumVisualStudioVersion = 10.0.40219.1
Project("{FAE04EC0-301F-11D3-BF4B-00C04F79EFBC}") = "Mod5_TP2", "Mod5_TP2\Mod5_TP2.csproj", "{73AD8FCC-A630-4C28-9DCC-7C4CA7E596A6}"
EndProject
Project("{FAE04EC0-301F-11D3-BF4B-00C04F79EFBC}") = "BO", "BO\BO.csproj", "{6066EAAA-6025-49BC-A1F3-FC6447C42CD9}"
EndProject
Global
	GlobalSection(SolutionConfigurationPlatforms) = preSolution
		Debug|Any CPU = Debug|Any CPU
		Release|Any CPU = Release|Any CPU
	EndGlobalSection
	GlobalSection(ProjectConfigurationPlatforms) = postSolution
		{73AD8FCC-A630-4C28-9DCC-7C4CA7E596A6}.Debug|Any CPU.ActiveCfg = Debug|Any CPU
		{73AD8FCC-A630-4C28-9DCC-7C4CA7E596A6}.Debug|Any CPU.Build.0 = Debug|Any CPU
		{73AD8FCC-A630-4C28-9DCC-7C4CA7E596A6}.Release|Any CPU.ActiveCfg = Release|Any CPU
		{73AD8FCC-A630-4C28-9DCC-7C4CA7E596A6}.Release|Any CPU.Build.0 = Release|Any CPU
		{6066EAAA-6025-49BC-A1F3-FC6447C42CD9}.Debug|Any CPU.ActiveCfg = Debug|Any CPU
		{6066EAAA-6025-49BC-A1F3-FC6447C42CD9}.Debug|Any CPU.Build.0 = Debug|Any CPU
		{6066EAAA-6025-49BC-A1F3-FC6447C42CD9}.Release|Any CPU.ActiveCfg = Release|Any CPU
		{6066EAAA-6025-49BC-A1F3-FC6447C42CD9}.Release|Any CPU.Build.0 = Release|Any CPU
	EndGlobalSection
	GlobalSection(SolutionProperties) = preSolution
		HideSolutionNode = FALSE
	EndGlobalSection
	GlobalSection(ExtensibilityGlobals) = postSolution
		SolutionGuid = {B12A4570-E8D8-4393-B241-3AE7B26F177B}
	EndGlobalSection
EndGlobal
